
Microsoft Visual Studio Solution File, Format Version 12.00
# Visual Studio Version 16
VisualStudioVersion = 16.0.29230.47
MinimumVisualStudioVersion = 10.0.40219.1
Project("{FAE04EC0-301F-11D3-BF4B-00C04F79EFBC}") = "LR_9", "LR_9\LR_9.csproj", "{80C16DF2-5C7E-45D7-B55C-D984354B7840}"
EndProject
Global
	GlobalSection(SolutionConfigurationPlatforms) = preSolution
		Debug|Any CPU = Debug|Any CPU
		Release|Any CPU = Release|Any CPU
	EndGlobalSection
	GlobalSection(ProjectConfigurationPlatforms) = postSolution
		{80C16DF2-5C7E-45D7-B55C-D984354B7840}.Debug|Any CPU.ActiveCfg = Debug|Any CPU
		{80C16DF2-5C7E-45D7-B55C-D984354B7840}.Debug|Any CPU.Build.0 = Debug|Any CPU
		{80C16DF2-5C7E-45D7-B55C-D984354B7840}.Release|Any CPU.ActiveCfg = Release|Any CPU
		{80C16DF2-5C7E-45D7-B55C-D984354B7840}.Release|Any CPU.Build.0 = Release|Any CPU
	EndGlobalSection
	GlobalSection(SolutionProperties) = preSolution
		HideSolutionNode = FALSE
	EndGlobalSection
	GlobalSection(ExtensibilityGlobals) = postSolution
		SolutionGuid = {C6C9BCB5-626A-4E20-99D4-59B64E631F0E}
	EndGlobalSection
EndGlobal
