
Microsoft Visual Studio Solution File, Format Version 12.00
# Visual Studio Version 16
VisualStudioVersion = 16.0.30309.148
MinimumVisualStudioVersion = 10.0.40219.1
Project("{FAE04EC0-301F-11D3-BF4B-00C04F79EFBC}") = "WindowsFormsApp1", "WindowsFormsApp1\WindowsFormsApp1.csproj", "{A8BDE3C1-C249-4A1C-BA0A-13CF112B87C9}"
EndProject
Global
	GlobalSection(SolutionConfigurationPlatforms) = preSolution
		Debug|Any CPU = Debug|Any CPU
		Release|Any CPU = Release|Any CPU
	EndGlobalSection
	GlobalSection(ProjectConfigurationPlatforms) = postSolution
		{A8BDE3C1-C249-4A1C-BA0A-13CF112B87C9}.Debug|Any CPU.ActiveCfg = Debug|Any CPU
		{A8BDE3C1-C249-4A1C-BA0A-13CF112B87C9}.Debug|Any CPU.Build.0 = Debug|Any CPU
		{A8BDE3C1-C249-4A1C-BA0A-13CF112B87C9}.Release|Any CPU.ActiveCfg = Release|Any CPU
		{A8BDE3C1-C249-4A1C-BA0A-13CF112B87C9}.Release|Any CPU.Build.0 = Release|Any CPU
	EndGlobalSection
	GlobalSection(SolutionProperties) = preSolution
		HideSolutionNode = FALSE
	EndGlobalSection
	GlobalSection(ExtensibilityGlobals) = postSolution
		SolutionGuid = {38DEC600-4775-482F-935D-7067715BD604}
	EndGlobalSection
EndGlobal
