
Microsoft Visual Studio Solution File, Format Version 12.00
# Visual Studio Version 16
VisualStudioVersion = 16.0.29230.47
MinimumVisualStudioVersion = 10.0.40219.1
Project("{FAE04EC0-301F-11D3-BF4B-00C04F79EFBC}") = "Kontrol_BD", "Kontrol_BD\Kontrol_BD.csproj", "{4AE058AA-46A7-4C5A-8B33-296ADA21F25B}"
EndProject
Global
	GlobalSection(SolutionConfigurationPlatforms) = preSolution
		Debug|Any CPU = Debug|Any CPU
		Release|Any CPU = Release|Any CPU
	EndGlobalSection
	GlobalSection(ProjectConfigurationPlatforms) = postSolution
		{4AE058AA-46A7-4C5A-8B33-296ADA21F25B}.Debug|Any CPU.ActiveCfg = Debug|Any CPU
		{4AE058AA-46A7-4C5A-8B33-296ADA21F25B}.Debug|Any CPU.Build.0 = Debug|Any CPU
		{4AE058AA-46A7-4C5A-8B33-296ADA21F25B}.Release|Any CPU.ActiveCfg = Release|Any CPU
		{4AE058AA-46A7-4C5A-8B33-296ADA21F25B}.Release|Any CPU.Build.0 = Release|Any CPU
	EndGlobalSection
	GlobalSection(SolutionProperties) = preSolution
		HideSolutionNode = FALSE
	EndGlobalSection
	GlobalSection(ExtensibilityGlobals) = postSolution
		SolutionGuid = {3B4272D7-1473-44C3-9A36-C3F367A09644}
	EndGlobalSection
EndGlobal
